
Microsoft Visual Studio Solution File, Format Version 12.00
# Visual Studio Version 17
VisualStudioVersion = 17.7.34202.233
MinimumVisualStudioVersion = 10.0.40219.1
Project("{9A19103F-16F7-4668-BE54-9A1E7A4F7556}") = "DataAccess", "DataAccess\DataAccess.csproj", "{F67C6C2F-4B1F-47B2-A032-9D4740A3E020}"
EndProject
Project("{9A19103F-16F7-4668-BE54-9A1E7A4F7556}") = "Business", "Business\Business.csproj", "{EFAD60C0-BC3C-4EDF-8D4D-B3F504536D3C}"
EndProject
Project("{9A19103F-16F7-4668-BE54-9A1E7A4F7556}") = "Entities", "Entities\Entities.csproj", "{1CCF63C3-EC90-4ABC-811D-77D4614C09E3}"
EndProject
Project("{9A19103F-16F7-4668-BE54-9A1E7A4F7556}") = "ConsoleUI", "ConsoleUI\ConsoleUI.csproj", "{7531F788-6386-49F6-BDAB-1ACA6741588D}"
EndProject
Project("{9A19103F-16F7-4668-BE54-9A1E7A4F7556}") = "Core", "Core\Core.csproj", "{463FCD75-A69A-4660-8E2A-F427477BC4BD}"
EndProject
Project("{FAE04EC0-301F-11D3-BF4B-00C04F79EFBC}") = "WebAPI", "WebAPI\WebAPI.csproj", "{9DD0D932-8232-4F84-BF49-BDDCD229F458}"
EndProject
Global
	GlobalSection(SolutionConfigurationPlatforms) = preSolution
		Debug|Any CPU = Debug|Any CPU
		Release|Any CPU = Release|Any CPU
	EndGlobalSection
	GlobalSection(ProjectConfigurationPlatforms) = postSolution
		{F67C6C2F-4B1F-47B2-A032-9D4740A3E020}.Debug|Any CPU.ActiveCfg = Debug|Any CPU
		{F67C6C2F-4B1F-47B2-A032-9D4740A3E020}.Debug|Any CPU.Build.0 = Debug|Any CPU
		{F67C6C2F-4B1F-47B2-A032-9D4740A3E020}.Release|Any CPU.ActiveCfg = Release|Any CPU
		{F67C6C2F-4B1F-47B2-A032-9D4740A3E020}.Release|Any CPU.Build.0 = Release|Any CPU
		{EFAD60C0-BC3C-4EDF-8D4D-B3F504536D3C}.Debug|Any CPU.ActiveCfg = Debug|Any CPU
		{EFAD60C0-BC3C-4EDF-8D4D-B3F504536D3C}.Debug|Any CPU.Build.0 = Debug|Any CPU
		{EFAD60C0-BC3C-4EDF-8D4D-B3F504536D3C}.Release|Any CPU.ActiveCfg = Release|Any CPU
		{EFAD60C0-BC3C-4EDF-8D4D-B3F504536D3C}.Release|Any CPU.Build.0 = Release|Any CPU
		{1CCF63C3-EC90-4ABC-811D-77D4614C09E3}.Debug|Any CPU.ActiveCfg = Debug|Any CPU
		{1CCF63C3-EC90-4ABC-811D-77D4614C09E3}.Debug|Any CPU.Build.0 = Debug|Any CPU
		{1CCF63C3-EC90-4ABC-811D-77D4614C09E3}.Release|Any CPU.ActiveCfg = Release|Any CPU
		{1CCF63C3-EC90-4ABC-811D-77D4614C09E3}.Release|Any CPU.Build.0 = Release|Any CPU
		{7531F788-6386-49F6-BDAB-1ACA6741588D}.Debug|Any CPU.ActiveCfg = Debug|Any CPU
		{7531F788-6386-49F6-BDAB-1ACA6741588D}.Debug|Any CPU.Build.0 = Debug|Any CPU
		{7531F788-6386-49F6-BDAB-1ACA6741588D}.Release|Any CPU.ActiveCfg = Release|Any CPU
		{7531F788-6386-49F6-BDAB-1ACA6741588D}.Release|Any CPU.Build.0 = Release|Any CPU
		{463FCD75-A69A-4660-8E2A-F427477BC4BD}.Debug|Any CPU.ActiveCfg = Debug|Any CPU
		{463FCD75-A69A-4660-8E2A-F427477BC4BD}.Debug|Any CPU.Build.0 = Debug|Any CPU
		{463FCD75-A69A-4660-8E2A-F427477BC4BD}.Release|Any CPU.ActiveCfg = Release|Any CPU
		{463FCD75-A69A-4660-8E2A-F427477BC4BD}.Release|Any CPU.Build.0 = Release|Any CPU
		{9DD0D932-8232-4F84-BF49-BDDCD229F458}.Debug|Any CPU.ActiveCfg = Debug|Any CPU
		{9DD0D932-8232-4F84-BF49-BDDCD229F458}.Debug|Any CPU.Build.0 = Debug|Any CPU
		{9DD0D932-8232-4F84-BF49-BDDCD229F458}.Release|Any CPU.ActiveCfg = Release|Any CPU
		{9DD0D932-8232-4F84-BF49-BDDCD229F458}.Release|Any CPU.Build.0 = Release|Any CPU
	EndGlobalSection
	GlobalSection(SolutionProperties) = preSolution
		HideSolutionNode = FALSE
	EndGlobalSection
	GlobalSection(ExtensibilityGlobals) = postSolution
		SolutionGuid = {A1B97489-BBDB-40F2-AF6B-CCF02D47C480}
	EndGlobalSection
EndGlobal
